{
    "_meta": {
        "hash": {
            "sha256": "abd8febee871fb254af50028b2bf7b22a472121bd8bdbd981f3a22721851f2a9"
        },
        "pipfile-spec": 6,
        "requires": {},
        "sources": [
            {
                "name": "pypi",
                "url": "https://pypi.org/simple",
                "verify_ssl": true
            }
        ]
    },
    "default": {
        "chevron": {
            "hashes": [
                "sha256:95b0a055ef0ada5eb061d60be64a7f70670b53372ccd221d1b88adf1c41a9094",
                "sha256:f95054a8b303268ebf3efd6bdfc8c1b428d3fc92327913b4e236d062ec61c989"
            ],
            "index": "pypi",
            "version": "==0.13.1"
        }
    },
    "develop": {}
}
